{
  "pins" : [
    {
      "identity" : "kingfisher",
      "kind" : "remoteSourceControl",
      "location" : "https://github.com/onevcat/Kingfisher",
      "state" : {
        "branch" : "master",
        "revision" : "26a5aee988318f1a57adc9b9c3e676ce318630a8"
      }
    }
  ],
  "version" : 2
}
